
Microsoft Visual Studio Solution File, Format Version 12.00
# Visual Studio Version 17
VisualStudioVersion = 17.0.31903.59
MinimumVisualStudioVersion = 10.0.40219.1
Project("{FAE04EC0-301F-11D3-BF4B-00C04F79EFBC}") = "KyuTerm", "KyuTerm\KyuTerm.csproj", "{FF536429-7EFD-479E-8F32-4241E554B683}"
EndProject
Global
	GlobalSection(SolutionConfigurationPlatforms) = preSolution
		Debug|Any CPU = Debug|Any CPU
		Release|Any CPU = Release|Any CPU
	EndGlobalSection
	GlobalSection(ProjectConfigurationPlatforms) = postSolution
		{FF536429-7EFD-479E-8F32-4241E554B683}.Debug|Any CPU.ActiveCfg = Debug|Any CPU
		{FF536429-7EFD-479E-8F32-4241E554B683}.Debug|Any CPU.Build.0 = Debug|Any CPU
		{FF536429-7EFD-479E-8F32-4241E554B683}.Release|Any CPU.ActiveCfg = Release|Any CPU
		{FF536429-7EFD-479E-8F32-4241E554B683}.Release|Any CPU.Build.0 = Release|Any CPU
	EndGlobalSection
	GlobalSection(SolutionProperties) = preSolution
		HideSolutionNode = FALSE
	EndGlobalSection
	GlobalSection(ExtensibilityGlobals) = postSolution
		SolutionGuid = {A9353FF4-DB56-4D7F-95AE-0345C755F67F}
	EndGlobalSection
EndGlobal
